
Microsoft Visual Studio Solution File, Format Version 12.00
# Visual Studio Version 17
VisualStudioVersion = 17.5.002.0
MinimumVisualStudioVersion = 10.0.40219.1
Project("{9A19103F-16F7-4668-BE54-9A1E7A4F7556}") = "AulasC#", "AulasC#.csproj", "{9F4A4DE7-0564-4089-AF76-4389CF60AD5A}"
EndProject
Global
	GlobalSection(SolutionConfigurationPlatforms) = preSolution
		Debug|Any CPU = Debug|Any CPU
		Release|Any CPU = Release|Any CPU
	EndGlobalSection
	GlobalSection(ProjectConfigurationPlatforms) = postSolution
		{9F4A4DE7-0564-4089-AF76-4389CF60AD5A}.Debug|Any CPU.ActiveCfg = Debug|Any CPU
		{9F4A4DE7-0564-4089-AF76-4389CF60AD5A}.Debug|Any CPU.Build.0 = Debug|Any CPU
		{9F4A4DE7-0564-4089-AF76-4389CF60AD5A}.Release|Any CPU.ActiveCfg = Release|Any CPU
		{9F4A4DE7-0564-4089-AF76-4389CF60AD5A}.Release|Any CPU.Build.0 = Release|Any CPU
	EndGlobalSection
	GlobalSection(SolutionProperties) = preSolution
		HideSolutionNode = FALSE
	EndGlobalSection
	GlobalSection(ExtensibilityGlobals) = postSolution
		SolutionGuid = {DA3484B8-402F-476F-92C0-4F8AD99570FC}
	EndGlobalSection
EndGlobal
